// !$*UTF8*$!
{
	archiveVersion = 1;
	classes = {
	};
	objectVersion = 55;
	objects = {

/* Begin PBXBuildFile section */
		553E16FA2855BED0006E2B23 /* MyCollectionReusableView.swift in Sources */ = {isa = PBXBuildFile; fileRef = 553E16F92855BED0006E2B23 /* MyCollectionReusableView.swift */; };
		553E17052855BFDA006E2B23 /* MyCollectionViewCell.swift in Sources */ = {isa = PBXBuildFile; fileRef = 553E17042855BFDA006E2B23 /* MyCollectionViewCell.swift */; };
		553E17072855C01D006E2B23 /* GalleryListCollectionViewCell.swift in Sources */ = {isa = PBXBuildFile; fileRef = 553E17062855C01D006E2B23 /* GalleryListCollectionViewCell.swift */; };
		553E17092855C06A006E2B23 /* SecondGalleryCollectionViewCell.swift in Sources */ = {isa = PBXBuildFile; fileRef = 553E17082855C06A006E2B23 /* SecondGalleryCollectionViewCell.swift */; };
		553E170B2855C09D006E2B23 /* SecondGalleryListCollectionViewCell.swift in Sources */ = {isa = PBXBuildFile; fileRef = 553E170A2855C09D006E2B23 /* SecondGalleryListCollectionViewCell.swift */; };
		553E170D2855C0C6006E2B23 /* GalleryAlbum.swift in Sources */ = {isa = PBXBuildFile; fileRef = 553E170C2855C0C6006E2B23 /* GalleryAlbum.swift */; };
		553E17102855C100006E2B23 /* GalleryList.swift in Sources */ = {isa = PBXBuildFile; fileRef = 553E170F2855C100006E2B23 /* GalleryList.swift */; };
		553E17122855C11B006E2B23 /* GallerySecondAlbum.swift in Sources */ = {isa = PBXBuildFile; fileRef = 553E17112855C11B006E2B23 /* GallerySecondAlbum.swift */; };
		553E17142855C13D006E2B23 /* GallerySecondList.swift in Sources */ = {isa = PBXBuildFile; fileRef = 553E17132855C13D006E2B23 /* GallerySecondList.swift */; };
		55B7B00D2854D42A00057C8B /* AppDelegate.swift in Sources */ = {isa = PBXBuildFile; fileRef = 55B7B00C2854D42A00057C8B /* AppDelegate.swift */; };
		55B7B0112854D42A00057C8B /* ViewController.swift in Sources */ = {isa = PBXBuildFile; fileRef = 55B7B0102854D42A00057C8B /* ViewController.swift */; };
		55B7B0142854D42A00057C8B /* Main.storyboard in Resources */ = {isa = PBXBuildFile; fileRef = 55B7B0122854D42A00057C8B /* Main.storyboard */; };
		55B7B0162854D42B00057C8B /* Assets.xcassets in Resources */ = {isa = PBXBuildFile; fileRef = 55B7B0152854D42B00057C8B /* Assets.xcassets */; };
		55B7B0192854D42B00057C8B /* LaunchScreen.storyboard in Resources */ = {isa = PBXBuildFile; fileRef = 55B7B0172854D42B00057C8B /* LaunchScreen.storyboard */; };
		55B7B02A2854F25900057C8B /* FirstViewController.swift in Sources */ = {isa = PBXBuildFile; fileRef = 55B7B0292854F25900057C8B /* FirstViewController.swift */; };
		55B7B02C2854F26E00057C8B /* SecondViewController.swift in Sources */ = {isa = PBXBuildFile; fileRef = 55B7B02B2854F26E00057C8B /* SecondViewController.swift */; };
		55B7B02E2854F29100057C8B /* ThirdViewController.swift in Sources */ = {isa = PBXBuildFile; fileRef = 55B7B02D2854F29100057C8B /* ThirdViewController.swift */; };
		55B7B0302854F2A700057C8B /* FourthViewController.swift in Sources */ = {isa = PBXBuildFile; fileRef = 55B7B02F2854F2A700057C8B /* FourthViewController.swift */; };
/* End PBXBuildFile section */

/* Begin PBXFileReference section */
		553E16F92855BED0006E2B23 /* MyCollectionReusableView.swift */ = {isa = PBXFileReference; lastKnownFileType = sourcecode.swift; path = MyCollectionReusableView.swift; sourceTree = "<group>"; };
		553E17042855BFDA006E2B23 /* MyCollectionViewCell.swift */ = {isa = PBXFileReference; lastKnownFileType = sourcecode.swift; path = MyCollectionViewCell.swift; sourceTree = "<group>"; };
		553E17062855C01D006E2B23 /* GalleryListCollectionViewCell.swift */ = {isa = PBXFileReference; lastKnownFileType = sourcecode.swift; path = GalleryListCollectionViewCell.swift; sourceTree = "<group>"; };
		553E17082855C06A006E2B23 /* SecondGalleryCollectionViewCell.swift */ = {isa = PBXFileReference; lastKnownFileType = sourcecode.swift; path = SecondGalleryCollectionViewCell.swift; sourceTree = "<group>"; };
		553E170A2855C09D006E2B23 /* SecondGalleryListCollectionViewCell.swift */ = {isa = PBXFileReference; lastKnownFileType = sourcecode.swift; path = SecondGalleryListCollectionViewCell.swift; sourceTree = "<group>"; };
		553E170C2855C0C6006E2B23 /* GalleryAlbum.swift */ = {isa = PBXFileReference; lastKnownFileType = sourcecode.swift; path = GalleryAlbum.swift; sourceTree = "<group>"; };
		553E170F2855C100006E2B23 /* GalleryList.swift */ = {isa = PBXFileReference; lastKnownFileType = sourcecode.swift; path = GalleryList.swift; sourceTree = "<group>"; };
		553E17112855C11B006E2B23 /* GallerySecondAlbum.swift */ = {isa = PBXFileReference; lastKnownFileType = sourcecode.swift; path = GallerySecondAlbum.swift; sourceTree = "<group>"; };
		553E17132855C13D006E2B23 /* GallerySecondList.swift */ = {isa = PBXFileReference; lastKnownFileType = sourcecode.swift; path = GallerySecondList.swift; sourceTree = "<group>"; };
		55B7B0092854D42A00057C8B /* HW14-AndreyOala.app */ = {isa = PBXFileReference; explicitFileType = wrapper.application; includeInIndex = 0; path = "HW14-AndreyOala.app"; sourceTree = BUILT_PRODUCTS_DIR; };
		55B7B00C2854D42A00057C8B /* AppDelegate.swift */ = {isa = PBXFileReference; lastKnownFileType = sourcecode.swift; path = AppDelegate.swift; sourceTree = "<group>"; };
		55B7B0102854D42A00057C8B /* ViewController.swift */ = {isa = PBXFileReference; lastKnownFileType = sourcecode.swift; path = ViewController.swift; sourceTree = "<group>"; };
		55B7B0132854D42A00057C8B /* Base */ = {isa = PBXFileReference; lastKnownFileType = file.storyboard; name = Base; path = Base.lproj/Main.storyboard; sourceTree = "<group>"; };
		55B7B0152854D42B00057C8B /* Assets.xcassets */ = {isa = PBXFileReference; lastKnownFileType = folder.assetcatalog; path = Assets.xcassets; sourceTree = "<group>"; };
		55B7B0182854D42B00057C8B /* Base */ = {isa = PBXFileReference; lastKnownFileType = file.storyboard; name = Base; path = Base.lproj/LaunchScreen.storyboard; sourceTree = "<group>"; };
		55B7B01A2854D42B00057C8B /* Info.plist */ = {isa = PBXFileReference; lastKnownFileType = text.plist.xml; path = Info.plist; sourceTree = "<group>"; };
		55B7B0292854F25900057C8B /* FirstViewController.swift */ = {isa = PBXFileReference; lastKnownFileType = sourcecode.swift; path = FirstViewController.swift; sourceTree = "<group>"; };
		55B7B02B2854F26E00057C8B /* SecondViewController.swift */ = {isa = PBXFileReference; lastKnownFileType = sourcecode.swift; path = SecondViewController.swift; sourceTree = "<group>"; };
		55B7B02D2854F29100057C8B /* ThirdViewController.swift */ = {isa = PBXFileReference; lastKnownFileType = sourcecode.swift; path = ThirdViewController.swift; sourceTree = "<group>"; };
		55B7B02F2854F2A700057C8B /* FourthViewController.swift */ = {isa = PBXFileReference; lastKnownFileType = sourcecode.swift; path = FourthViewController.swift; sourceTree = "<group>"; };
/* End PBXFileReference section */

/* Begin PBXFrameworksBuildPhase section */
		55B7B0062854D42A00057C8B /* Frameworks */ = {
			isa = PBXFrameworksBuildPhase;
			buildActionMask = 2147483647;
			files = (
			);
			runOnlyForDeploymentPostprocessing = 0;
		};
/* End PBXFrameworksBuildPhase section */

/* Begin PBXGroup section */
		553E16F82855BE37006E2B23 /* ViewController */ = {
			isa = PBXGroup;
			children = (
				55B7B0102854D42A00057C8B /* ViewController.swift */,
				55B7B0292854F25900057C8B /* FirstViewController.swift */,
				55B7B02B2854F26E00057C8B /* SecondViewController.swift */,
				55B7B02D2854F29100057C8B /* ThirdViewController.swift */,
				55B7B02F2854F2A700057C8B /* FourthViewController.swift */,
			);
			path = ViewController;
			sourceTree = "<group>";
		};
		553E16FB2855BF05006E2B23 /* Headers */ = {
			isa = PBXGroup;
			children = (
				553E16F92855BED0006E2B23 /* MyCollectionReusableView.swift */,
			);
			path = Headers;
			sourceTree = "<group>";
		};
		553E170E2855C0E0006E2B23 /* GalleryCells */ = {
			isa = PBXGroup;
			children = (
				553E17042855BFDA006E2B23 /* MyCollectionViewCell.swift */,
				553E17062855C01D006E2B23 /* GalleryListCollectionViewCell.swift */,
				553E17082855C06A006E2B23 /* SecondGalleryCollectionViewCell.swift */,
				553E170A2855C09D006E2B23 /* SecondGalleryListCollectionViewCell.swift */,
			);
			path = GalleryCells;
			sourceTree = "<group>";
		};
		553E17152855C396006E2B23 /* GalleryModels */ = {
			isa = PBXGroup;
			children = (
				553E170C2855C0C6006E2B23 /* GalleryAlbum.swift */,
				553E170F2855C100006E2B23 /* GalleryList.swift */,
				553E17112855C11B006E2B23 /* GallerySecondAlbum.swift */,
				553E17132855C13D006E2B23 /* GallerySecondList.swift */,
			);
			path = GalleryModels;
			sourceTree = "<group>";
		};
		55B7B0002854D42A00057C8B = {
			isa = PBXGroup;
			children = (
				55B7B00B2854D42A00057C8B /* HW14-AndreyOala */,
				55B7B00A2854D42A00057C8B /* Products */,
			);
			sourceTree = "<group>";
		};
		55B7B00A2854D42A00057C8B /* Products */ = {
			isa = PBXGroup;
			children = (
				55B7B0092854D42A00057C8B /* HW14-AndreyOala.app */,
			);
			name = Products;
			sourceTree = "<group>";
		};
		55B7B00B2854D42A00057C8B /* HW14-AndreyOala */ = {
			isa = PBXGroup;
			children = (
				553E17152855C396006E2B23 /* GalleryModels */,
				553E170E2855C0E0006E2B23 /* GalleryCells */,
				553E16FB2855BF05006E2B23 /* Headers */,
				553E16F82855BE37006E2B23 /* ViewController */,
				55B7B00C2854D42A00057C8B /* AppDelegate.swift */,
				55B7B0122854D42A00057C8B /* Main.storyboard */,
				55B7B0152854D42B00057C8B /* Assets.xcassets */,
				55B7B0172854D42B00057C8B /* LaunchScreen.storyboard */,
				55B7B01A2854D42B00057C8B /* Info.plist */,
			);
			path = "HW14-AndreyOala";
			sourceTree = "<group>";
		};
/* End PBXGroup section */

/* Begin PBXNativeTarget section */
		55B7B0082854D42A00057C8B /* HW14-AndreyOala */ = {
			isa = PBXNativeTarget;
			buildConfigurationList = 55B7B01D2854D42B00057C8B /* Build configuration list for PBXNativeTarget "HW14-AndreyOala" */;
			buildPhases = (
				55B7B0052854D42A00057C8B /* Sources */,
				55B7B0062854D42A00057C8B /* Frameworks */,
				55B7B0072854D42A00057C8B /* Resources */,
			);
			buildRules = (
			);
			dependencies = (
			);
			name = "HW14-AndreyOala";
			productName = "HW14-AndreyOala";
			productReference = 55B7B0092854D42A00057C8B /* HW14-AndreyOala.app */;
			productType = "com.apple.product-type.application";
		};
/* End PBXNativeTarget section */

/* Begin PBXProject section */
		55B7B0012854D42A00057C8B /* Project object */ = {
			isa = PBXProject;
			attributes = {
				BuildIndependentTargetsInParallel = 1;
				LastSwiftUpdateCheck = 1340;
				LastUpgradeCheck = 1340;
				TargetAttributes = {
					55B7B0082854D42A00057C8B = {
						CreatedOnToolsVersion = 13.4.1;
					};
				};
			};
			buildConfigurationList = 55B7B0042854D42A00057C8B /* Build configuration list for PBXProject "HW14-AndreyOala" */;
			compatibilityVersion = "Xcode 13.0";
			developmentRegion = en;
			hasScannedForEncodings = 0;
			knownRegions = (
				en,
				Base,
			);
			mainGroup = 55B7B0002854D42A00057C8B;
			productRefGroup = 55B7B00A2854D42A00057C8B /* Products */;
			projectDirPath = "";
			projectRoot = "";
			targets = (
				55B7B0082854D42A00057C8B /* HW14-AndreyOala */,
			);
		};
/* End PBXProject section */

/* Begin PBXResourcesBuildPhase section */
		55B7B0072854D42A00057C8B /* Resources */ = {
			isa = PBXResourcesBuildPhase;
			buildActionMask = 2147483647;
			files = (
				55B7B0192854D42B00057C8B /* LaunchScreen.storyboard in Resources */,
				55B7B0162854D42B00057C8B /* Assets.xcassets in Resources */,
				55B7B0142854D42A00057C8B /* Main.storyboard in Resources */,
			);
			runOnlyForDeploymentPostprocessing = 0;
		};
/* End PBXResourcesBuildPhase section */

/* Begin PBXSourcesBuildPhase section */
		55B7B0052854D42A00057C8B /* Sources */ = {
			isa = PBXSourcesBuildPhase;
			buildActionMask = 2147483647;
			files = (
				553E17102855C100006E2B23 /* GalleryList.swift in Sources */,
				553E17122855C11B006E2B23 /* GallerySecondAlbum.swift in Sources */,
				55B7B02C2854F26E00057C8B /* SecondViewController.swift in Sources */,
				553E17072855C01D006E2B23 /* GalleryListCollectionViewCell.swift in Sources */,
				55B7B02E2854F29100057C8B /* ThirdViewController.swift in Sources */,
				553E17052855BFDA006E2B23 /* MyCollectionViewCell.swift in Sources */,
				55B7B0112854D42A00057C8B /* ViewController.swift in Sources */,
				553E17092855C06A006E2B23 /* SecondGalleryCollectionViewCell.swift in Sources */,
				55B7B0302854F2A700057C8B /* FourthViewController.swift in Sources */,
				55B7B00D2854D42A00057C8B /* AppDelegate.swift in Sources */,
				553E17142855C13D006E2B23 /* GallerySecondList.swift in Sources */,
				553E16FA2855BED0006E2B23 /* MyCollectionReusableView.swift in Sources */,
				553E170D2855C0C6006E2B23 /* GalleryAlbum.swift in Sources */,
				55B7B02A2854F25900057C8B /* FirstViewController.swift in Sources */,
				553E170B2855C09D006E2B23 /* SecondGalleryListCollectionViewCell.swift in Sources */,
			);
			runOnlyForDeploymentPostprocessing = 0;
		};
/* End PBXSourcesBuildPhase section */

/* Begin PBXVariantGroup section */
		55B7B0122854D42A00057C8B /* Main.storyboard */ = {
			isa = PBXVariantGroup;
			children = (
				55B7B0132854D42A00057C8B /* Base */,
			);
			name = Main.storyboard;
			sourceTree = "<group>";
		};
		55B7B0172854D42B00057C8B /* LaunchScreen.storyboard */ = {
			isa = PBXVariantGroup;
			children = (
				55B7B0182854D42B00057C8B /* Base */,
			);
			name = LaunchScreen.storyboard;
			sourceTree = "<group>";
		};
/* End PBXVariantGroup section */

/* Begin XCBuildConfiguration section */
		55B7B01B2854D42B00057C8B /* Debug */ = {
			isa = XCBuildConfiguration;
			buildSettings = {
				ALWAYS_SEARCH_USER_PATHS = NO;
				CLANG_ANALYZER_NONNULL = YES;
				CLANG_ANALYZER_NUMBER_OBJECT_CONVERSION = YES_AGGRESSIVE;
				CLANG_CXX_LANGUAGE_STANDARD = "gnu++17";
				CLANG_ENABLE_MODULES = YES;
				CLANG_ENABLE_OBJC_ARC = YES;
				CLANG_ENABLE_OBJC_WEAK = YES;
				CLANG_WARN_BLOCK_CAPTURE_AUTORELEASING = YES;
				CLANG_WARN_BOOL_CONVERSION = YES;
				CLANG_WARN_COMMA = YES;
				CLANG_WARN_CONSTANT_CONVERSION = YES;
				CLANG_WARN_DEPRECATED_OBJC_IMPLEMENTATIONS = YES;
				CLANG_WARN_DIRECT_OBJC_ISA_USAGE = YES_ERROR;
				CLANG_WARN_DOCUMENTATION_COMMENTS = YES;
				CLANG_WARN_EMPTY_BODY = YES;
				CLANG_WARN_ENUM_CONVERSION = YES;
				CLANG_WARN_INFINITE_RECURSION = YES;
				CLANG_WARN_INT_CONVERSION = YES;
				CLANG_WARN_NON_LITERAL_NULL_CONVERSION = YES;
				CLANG_WARN_OBJC_IMPLICIT_RETAIN_SELF = YES;
				CLANG_WARN_OBJC_LITERAL_CONVERSION = YES;
				CLANG_WARN_OBJC_ROOT_CLASS = YES_ERROR;
				CLANG_WARN_QUOTED_INCLUDE_IN_FRAMEWORK_HEADER = YES;
				CLANG_WARN_RANGE_LOOP_ANALYSIS = YES;
				CLANG_WARN_STRICT_PROTOTYPES = YES;
				CLANG_WARN_SUSPICIOUS_MOVE = YES;
				CLANG_WARN_UNGUARDED_AVAILABILITY = YES_AGGRESSIVE;
				CLANG_WARN_UNREACHABLE_CODE = YES;
				CLANG_WARN__DUPLICATE_METHOD_MATCH = YES;
				COPY_PHASE_STRIP = NO;
				DEBUG_INFORMATION_FORMAT = dwarf;
				ENABLE_STRICT_OBJC_MSGSEND = YES;
				ENABLE_TESTABILITY = YES;
				GCC_C_LANGUAGE_STANDARD = gnu11;
				GCC_DYNAMIC_NO_PIC = NO;
				GCC_NO_COMMON_BLOCKS = YES;
				GCC_OPTIMIZATION_LEVEL = 0;
				GCC_PREPROCESSOR_DEFINITIONS = (
					"DEBUG=1",
					"$(inherited)",
				);
				GCC_WARN_64_TO_32_BIT_CONVERSION = YES;
				GCC_WARN_ABOUT_RETURN_TYPE = YES_ERROR;
				GCC_WARN_UNDECLARED_SELECTOR = YES;
				GCC_WARN_UNINITIALIZED_AUTOS = YES_AGGRESSIVE;
				GCC_WARN_UNUSED_FUNCTION = YES;
				GCC_WARN_UNUSED_VARIABLE = YES;
				IPHONEOS_DEPLOYMENT_TARGET = 15.5;
				MTL_ENABLE_DEBUG_INFO = INCLUDE_SOURCE;
				MTL_FAST_MATH = YES;
				ONLY_ACTIVE_ARCH = YES;
				SDKROOT = iphoneos;
				SWIFT_ACTIVE_COMPILATION_CONDITIONS = DEBUG;
				SWIFT_OPTIMIZATION_LEVEL = "-Onone";
			};
			name = Debug;
		};
		55B7B01C2854D42B00057C8B /* Release */ = {
			isa = XCBuildConfiguration;
			buildSettings = {
				ALWAYS_SEARCH_USER_PATHS = NO;
				CLANG_ANALYZER_NONNULL = YES;
				CLANG_ANALYZER_NUMBER_OBJECT_CONVERSION = YES_AGGRESSIVE;
				CLANG_CXX_LANGUAGE_STANDARD = "gnu++17";
				CLANG_ENABLE_MODULES = YES;
				CLANG_ENABLE_OBJC_ARC = YES;
				CLANG_ENABLE_OBJC_WEAK = YES;
				CLANG_WARN_BLOCK_CAPTURE_AUTORELEASING = YES;
				CLANG_WARN_BOOL_CONVERSION = YES;
				CLANG_WARN_COMMA = YES;
				CLANG_WARN_CONSTANT_CONVERSION = YES;
				CLANG_WARN_DEPRECATED_OBJC_IMPLEMENTATIONS = YES;
				CLANG_WARN_DIRECT_OBJC_ISA_USAGE = YES_ERROR;
				CLANG_WARN_DOCUMENTATION_COMMENTS = YES;
				CLANG_WARN_EMPTY_BODY = YES;
				CLANG_WARN_ENUM_CONVERSION = YES;
				CLANG_WARN_INFINITE_RECURSION = YES;
				CLANG_WARN_INT_CONVERSION = YES;
				CLANG_WARN_NON_LITERAL_NULL_CONVERSION = YES;
				CLANG_WARN_OBJC_IMPLICIT_RETAIN_SELF = YES;
				CLANG_WARN_OBJC_LITERAL_CONVERSION = YES;
				CLANG_WARN_OBJC_ROOT_CLASS = YES_ERROR;
				CLANG_WARN_QUOTED_INCLUDE_IN_FRAMEWORK_HEADER = YES;
				CLANG_WARN_RANGE_LOOP_ANALYSIS = YES;
				CLANG_WARN_STRICT_PROTOTYPES = YES;
				CLANG_WARN_SUSPICIOUS_MOVE = YES;
				CLANG_WARN_UNGUARDED_AVAILABILITY = YES_AGGRESSIVE;
				CLANG_WARN_UNREACHABLE_CODE = YES;
				CLANG_WARN__DUPLICATE_METHOD_MATCH = YES;
				COPY_PHASE_STRIP = NO;
				DEBUG_INFORMATION_FORMAT = "dwarf-with-dsym";
				ENABLE_NS_ASSERTIONS = NO;
				ENABLE_STRICT_OBJC_MSGSEND = YES;
				GCC_C_LANGUAGE_STANDARD = gnu11;
				GCC_NO_COMMON_BLOCKS = YES;
				GCC_WARN_64_TO_32_BIT_CONVERSION = YES;
				GCC_WARN_ABOUT_RETURN_TYPE = YES_ERROR;
				GCC_WARN_UNDECLARED_SELECTOR = YES;
				GCC_WARN_UNINITIALIZED_AUTOS = YES_AGGRESSIVE;
				GCC_WARN_UNUSED_FUNCTION = YES;
				GCC_WARN_UNUSED_VARIABLE = YES;
				IPHONEOS_DEPLOYMENT_TARGET = 15.5;
				MTL_ENABLE_DEBUG_INFO = NO;
				MTL_FAST_MATH = YES;
				SDKROOT = iphoneos;
				SWIFT_COMPILATION_MODE = wholemodule;
				SWIFT_OPTIMIZATION_LEVEL = "-O";
				VALIDATE_PRODUCT = YES;
			};
			name = Release;
		};
		55B7B01E2854D42B00057C8B /* Debug */ = {
			isa = XCBuildConfiguration;
			buildSettings = {
				ASSETCATALOG_COMPILER_APPICON_NAME = AppIcon;
				ASSETCATALOG_COMPILER_GLOBAL_ACCENT_COLOR_NAME = AccentColor;
				CODE_SIGN_STYLE = Automatic;
				CURRENT_PROJECT_VERSION = 1;
				DEVELOPMENT_TEAM = G56UY8T9JR;
				GENERATE_INFOPLIST_FILE = YES;
				INFOPLIST_FILE = "HW14-AndreyOala/Info.plist";
				INFOPLIST_KEY_UIApplicationSupportsIndirectInputEvents = YES;
				INFOPLIST_KEY_UILaunchStoryboardName = LaunchScreen;
				INFOPLIST_KEY_UIMainStoryboardFile = Main;
				INFOPLIST_KEY_UISupportedInterfaceOrientations_iPad = "UIInterfaceOrientationPortrait UIInterfaceOrientationPortraitUpsideDown UIInterfaceOrientationLandscapeLeft UIInterfaceOrientationLandscapeRight";
				INFOPLIST_KEY_UISupportedInterfaceOrientations_iPhone = "UIInterfaceOrientationPortrait UIInterfaceOrientationLandscapeLeft UIInterfaceOrientationLandscapeRight";
				LD_RUNPATH_SEARCH_PATHS = (
					"$(inherited)",
					"@executable_path/Frameworks",
				);
				MARKETING_VERSION = 1.0;
				PRODUCT_BUNDLE_IDENTIFIER = "mobdev.HW14-AndreyOala";
				PRODUCT_NAME = "$(TARGET_NAME)";
				SWIFT_EMIT_LOC_STRINGS = YES;
				SWIFT_VERSION = 5.0;
				TARGETED_DEVICE_FAMILY = "1,2";
			};
			name = Debug;
		};
		55B7B01F2854D42B00057C8B /* Release */ = {
			isa = XCBuildConfiguration;
			buildSettings = {
				ASSETCATALOG_COMPILER_APPICON_NAME = AppIcon;
				ASSETCATALOG_COMPILER_GLOBAL_ACCENT_COLOR_NAME = AccentColor;
				CODE_SIGN_STYLE = Automatic;
				CURRENT_PROJECT_VERSION = 1;
				DEVELOPMENT_TEAM = G56UY8T9JR;
				GENERATE_INFOPLIST_FILE = YES;
				INFOPLIST_FILE = "HW14-AndreyOala/Info.plist";
				INFOPLIST_KEY_UIApplicationSupportsIndirectInputEvents = YES;
				INFOPLIST_KEY_UILaunchStoryboardName = LaunchScreen;
				INFOPLIST_KEY_UIMainStoryboardFile = Main;
				INFOPLIST_KEY_UISupportedInterfaceOrientations_iPad = "UIInterfaceOrientationPortrait UIInterfaceOrientationPortraitUpsideDown UIInterfaceOrientationLandscapeLeft UIInterfaceOrientationLandscapeRight";
				INFOPLIST_KEY_UISupportedInterfaceOrientations_iPhone = "UIInterfaceOrientationPortrait UIInterfaceOrientationLandscapeLeft UIInterfaceOrientationLandscapeRight";
				LD_RUNPATH_SEARCH_PATHS = (
					"$(inherited)",
					"@executable_path/Frameworks",
				);
				MARKETING_VERSION = 1.0;
				PRODUCT_BUNDLE_IDENTIFIER = "mobdev.HW14-AndreyOala";
				PRODUCT_NAME = "$(TARGET_NAME)";
				SWIFT_EMIT_LOC_STRINGS = YES;
				SWIFT_VERSION = 5.0;
				TARGETED_DEVICE_FAMILY = "1,2";
			};
			name = Release;
		};
/* End XCBuildConfiguration section */

/* Begin XCConfigurationList section */
		55B7B0042854D42A00057C8B /* Build configuration list for PBXProject "HW14-AndreyOala" */ = {
			isa = XCConfigurationList;
			buildConfigurations = (
				55B7B01B2854D42B00057C8B /* Debug */,
				55B7B01C2854D42B00057C8B /* Release */,
			);
			defaultConfigurationIsVisible = 0;
			defaultConfigurationName = Release;
		};
		55B7B01D2854D42B00057C8B /* Build configuration list for PBXNativeTarget "HW14-AndreyOala" */ = {
			isa = XCConfigurationList;
			buildConfigurations = (
				55B7B01E2854D42B00057C8B /* Debug */,
				55B7B01F2854D42B00057C8B /* Release */,
			);
			defaultConfigurationIsVisible = 0;
			defaultConfigurationName = Release;
		};
/* End XCConfigurationList section */
	};
	rootObject = 55B7B0012854D42A00057C8B /* Project object */;
}
